
Microsoft Visual Studio Solution File, Format Version 12.00
# Visual Studio Version 16
VisualStudioVersion = 16.0.30503.244
MinimumVisualStudioVersion = 10.0.40219.1
Project("{FAE04EC0-301F-11D3-BF4B-00C04F79EFBC}") = "multi-tire-lab-1-redo", "multi-tire-lab-1-redo\multi-tire-lab-1-redo.csproj", "{FBC3D146-D8C4-4954-A325-0117545D5FA3}"
EndProject
Global
	GlobalSection(SolutionConfigurationPlatforms) = preSolution
		Debug|Any CPU = Debug|Any CPU
		Release|Any CPU = Release|Any CPU
	EndGlobalSection
	GlobalSection(ProjectConfigurationPlatforms) = postSolution
		{FBC3D146-D8C4-4954-A325-0117545D5FA3}.Debug|Any CPU.ActiveCfg = Debug|Any CPU
		{FBC3D146-D8C4-4954-A325-0117545D5FA3}.Debug|Any CPU.Build.0 = Debug|Any CPU
		{FBC3D146-D8C4-4954-A325-0117545D5FA3}.Release|Any CPU.ActiveCfg = Release|Any CPU
		{FBC3D146-D8C4-4954-A325-0117545D5FA3}.Release|Any CPU.Build.0 = Release|Any CPU
	EndGlobalSection
	GlobalSection(SolutionProperties) = preSolution
		HideSolutionNode = FALSE
	EndGlobalSection
	GlobalSection(ExtensibilityGlobals) = postSolution
		SolutionGuid = {2C1234E8-38A1-44A8-94DA-E8B8D39AD2C9}
	EndGlobalSection
EndGlobal
